
Microsoft Visual Studio Solution File, Format Version 12.00
# Visual Studio 15
VisualStudioVersion = 15.0.28307.705
MinimumVisualStudioVersion = 10.0.40219.1
Project("{FAE04EC0-301F-11D3-BF4B-00C04F79EFBC}") = "WebAppFacturacion", "WebAppFacturacion\WebAppFacturacion.csproj", "{4E0E8D05-C422-42E1-AC36-A29E89AFE445}"
EndProject
Global
	GlobalSection(SolutionConfigurationPlatforms) = preSolution
		Debug|Any CPU = Debug|Any CPU
		Release|Any CPU = Release|Any CPU
	EndGlobalSection
	GlobalSection(ProjectConfigurationPlatforms) = postSolution
		{4E0E8D05-C422-42E1-AC36-A29E89AFE445}.Debug|Any CPU.ActiveCfg = Debug|Any CPU
		{4E0E8D05-C422-42E1-AC36-A29E89AFE445}.Debug|Any CPU.Build.0 = Debug|Any CPU
		{4E0E8D05-C422-42E1-AC36-A29E89AFE445}.Release|Any CPU.ActiveCfg = Release|Any CPU
		{4E0E8D05-C422-42E1-AC36-A29E89AFE445}.Release|Any CPU.Build.0 = Release|Any CPU
	EndGlobalSection
	GlobalSection(SolutionProperties) = preSolution
		HideSolutionNode = FALSE
	EndGlobalSection
	GlobalSection(ExtensibilityGlobals) = postSolution
		SolutionGuid = {B8ABE4CC-37DE-43A7-BA8C-82458233E89E}
	EndGlobalSection
EndGlobal
